
Microsoft Visual Studio Solution File, Format Version 12.00
# Visual Studio Version 17
VisualStudioVersion = 17.7.34024.191
MinimumVisualStudioVersion = 10.0.40219.1
Project("{FAE04EC0-301F-11D3-BF4B-00C04F79EFBC}") = "PE1GL18MC23084", "PE1GL18MC23084.csproj", "{44B64BD9-1FD7-4F7F-A7B1-DEA3EBBEB453}"
EndProject
Global
	GlobalSection(SolutionConfigurationPlatforms) = preSolution
		Debug|Any CPU = Debug|Any CPU
		Release|Any CPU = Release|Any CPU
	EndGlobalSection
	GlobalSection(ProjectConfigurationPlatforms) = postSolution
		{44B64BD9-1FD7-4F7F-A7B1-DEA3EBBEB453}.Debug|Any CPU.ActiveCfg = Debug|Any CPU
		{44B64BD9-1FD7-4F7F-A7B1-DEA3EBBEB453}.Debug|Any CPU.Build.0 = Debug|Any CPU
		{44B64BD9-1FD7-4F7F-A7B1-DEA3EBBEB453}.Release|Any CPU.ActiveCfg = Release|Any CPU
		{44B64BD9-1FD7-4F7F-A7B1-DEA3EBBEB453}.Release|Any CPU.Build.0 = Release|Any CPU
	EndGlobalSection
	GlobalSection(SolutionProperties) = preSolution
		HideSolutionNode = FALSE
	EndGlobalSection
	GlobalSection(ExtensibilityGlobals) = postSolution
		SolutionGuid = {BA98BAAC-FE5E-40B6-9760-BF2A545E1BEB}
	EndGlobalSection
EndGlobal
